
Microsoft Visual Studio Solution File, Format Version 12.00
Project("{FAE04EC0-301F-11D3-BF4B-00C04F79EFBC}") = "Wabbajack.Web", "Wabbajack.Web\Wabbajack.Web.csproj", "{A97AC6E4-5CE3-4D94-9F88-61C5CC559296}"
EndProject
Project("{2150E333-8FDC-42A3-9474-1A3956D46DE8}") = ".solutionItems", ".solutionItems", "{C221DDE8-A3BC-4A5B-A5D4-FA862B382780}"
ProjectSection(SolutionItems) = preProject
	.editorconfig = .editorconfig
	.gitattributes = .gitattributes
	.gitignore = .gitignore
	README.md = README.md
EndProjectSection
EndProject
Project("{FAE04EC0-301F-11D3-BF4B-00C04F79EFBC}") = "Wabbajack.Web.Test", "Wabbajack.Web.Test\Wabbajack.Web.Test.csproj", "{2250E45B-C127-488D-909B-43BA78BC1F44}"
EndProject
Global
	GlobalSection(SolutionConfigurationPlatforms) = preSolution
		Debug|Any CPU = Debug|Any CPU
		Release|Any CPU = Release|Any CPU
	EndGlobalSection
	GlobalSection(ProjectConfigurationPlatforms) = postSolution
		{A97AC6E4-5CE3-4D94-9F88-61C5CC559296}.Debug|Any CPU.ActiveCfg = Debug|Any CPU
		{A97AC6E4-5CE3-4D94-9F88-61C5CC559296}.Debug|Any CPU.Build.0 = Debug|Any CPU
		{A97AC6E4-5CE3-4D94-9F88-61C5CC559296}.Release|Any CPU.ActiveCfg = Release|Any CPU
		{A97AC6E4-5CE3-4D94-9F88-61C5CC559296}.Release|Any CPU.Build.0 = Release|Any CPU
		{2250E45B-C127-488D-909B-43BA78BC1F44}.Debug|Any CPU.ActiveCfg = Debug|Any CPU
		{2250E45B-C127-488D-909B-43BA78BC1F44}.Debug|Any CPU.Build.0 = Debug|Any CPU
		{2250E45B-C127-488D-909B-43BA78BC1F44}.Release|Any CPU.ActiveCfg = Release|Any CPU
		{2250E45B-C127-488D-909B-43BA78BC1F44}.Release|Any CPU.Build.0 = Release|Any CPU
	EndGlobalSection
	GlobalSection(NestedProjects) = preSolution
	EndGlobalSection
EndGlobal
